
Microsoft Visual Studio Solution File, Format Version 12.00
# Visual Studio Version 16
VisualStudioVersion = 16.0.30611.23
MinimumVisualStudioVersion = 10.0.40219.1
Project("{FAE04EC0-301F-11D3-BF4B-00C04F79EFBC}") = "IMissedTheRageVirus", "IMissedTheRageVirus\IMissedTheRageVirus.csproj", "{AD9AD144-F456-47B3-B5D6-C66BA305091C}"
EndProject
Global
	GlobalSection(SolutionConfigurationPlatforms) = preSolution
		Debug|Any CPU = Debug|Any CPU
		Release|Any CPU = Release|Any CPU
	EndGlobalSection
	GlobalSection(ProjectConfigurationPlatforms) = postSolution
		{AD9AD144-F456-47B3-B5D6-C66BA305091C}.Debug|Any CPU.ActiveCfg = Debug|Any CPU
		{AD9AD144-F456-47B3-B5D6-C66BA305091C}.Debug|Any CPU.Build.0 = Debug|Any CPU
		{AD9AD144-F456-47B3-B5D6-C66BA305091C}.Release|Any CPU.ActiveCfg = Release|Any CPU
		{AD9AD144-F456-47B3-B5D6-C66BA305091C}.Release|Any CPU.Build.0 = Release|Any CPU
	EndGlobalSection
	GlobalSection(SolutionProperties) = preSolution
		HideSolutionNode = FALSE
	EndGlobalSection
	GlobalSection(ExtensibilityGlobals) = postSolution
		SolutionGuid = {7E8B9B20-BBEC-4491-B389-F125C243BA40}
	EndGlobalSection
EndGlobal
